
Microsoft Visual Studio Solution File, Format Version 12.00
# Visual Studio 15
VisualStudioVersion = 15.0.28010.2019
MinimumVisualStudioVersion = 10.0.40219.1
Project("{9A19103F-16F7-4668-BE54-9A1E7A4F7556}") = "core", "core\core.csproj", "{C65DEF09-4D8E-4393-9B0B-DFC9D63E9C2B}"
EndProject
Project("{FAE04EC0-301F-11D3-BF4B-00C04F79EFBC}") = "server", "server\server.csproj", "{5967A2AF-3277-40CC-BEA1-CAEC5E516EC1}"
EndProject
Global
	GlobalSection(SolutionConfigurationPlatforms) = preSolution
		Debug|Any CPU = Debug|Any CPU
		Release|Any CPU = Release|Any CPU
	EndGlobalSection
	GlobalSection(ProjectConfigurationPlatforms) = postSolution
		{C65DEF09-4D8E-4393-9B0B-DFC9D63E9C2B}.Debug|Any CPU.ActiveCfg = Debug|Any CPU
		{C65DEF09-4D8E-4393-9B0B-DFC9D63E9C2B}.Debug|Any CPU.Build.0 = Debug|Any CPU
		{C65DEF09-4D8E-4393-9B0B-DFC9D63E9C2B}.Release|Any CPU.ActiveCfg = Release|Any CPU
		{C65DEF09-4D8E-4393-9B0B-DFC9D63E9C2B}.Release|Any CPU.Build.0 = Release|Any CPU
		{5967A2AF-3277-40CC-BEA1-CAEC5E516EC1}.Debug|Any CPU.ActiveCfg = Debug|Any CPU
		{5967A2AF-3277-40CC-BEA1-CAEC5E516EC1}.Debug|Any CPU.Build.0 = Debug|Any CPU
		{5967A2AF-3277-40CC-BEA1-CAEC5E516EC1}.Release|Any CPU.ActiveCfg = Release|Any CPU
		{5967A2AF-3277-40CC-BEA1-CAEC5E516EC1}.Release|Any CPU.Build.0 = Release|Any CPU
	EndGlobalSection
	GlobalSection(SolutionProperties) = preSolution
		HideSolutionNode = FALSE
	EndGlobalSection
	GlobalSection(ExtensibilityGlobals) = postSolution
		SolutionGuid = {58B84CF5-B34E-40BA-B388-13447112ABB7}
	EndGlobalSection
EndGlobal
